
Microsoft Visual Studio Solution File, Format Version 12.00
# Visual Studio Version 17
VisualStudioVersion = 17.2.32630.192
MinimumVisualStudioVersion = 10.0.40219.1
Project("{FAE04EC0-301F-11D3-BF4B-00C04F79EFBC}") = "Bank", "Bank\Bank.csproj", "{80D64EC4-5240-4657-9E47-BB7824992023}"
EndProject
Project("{FAE04EC0-301F-11D3-BF4B-00C04F79EFBC}") = "BankTests", "BankTests\BankTests.csproj", "{05EEE5B7-AFB0-4CE0-BD4C-0B5BF5BD56CF}"
EndProject
Global
	GlobalSection(SolutionConfigurationPlatforms) = preSolution
		Debug|Any CPU = Debug|Any CPU
		Release|Any CPU = Release|Any CPU
	EndGlobalSection
	GlobalSection(ProjectConfigurationPlatforms) = postSolution
		{80D64EC4-5240-4657-9E47-BB7824992023}.Debug|Any CPU.ActiveCfg = Debug|Any CPU
		{80D64EC4-5240-4657-9E47-BB7824992023}.Debug|Any CPU.Build.0 = Debug|Any CPU
		{80D64EC4-5240-4657-9E47-BB7824992023}.Release|Any CPU.ActiveCfg = Release|Any CPU
		{80D64EC4-5240-4657-9E47-BB7824992023}.Release|Any CPU.Build.0 = Release|Any CPU
		{05EEE5B7-AFB0-4CE0-BD4C-0B5BF5BD56CF}.Debug|Any CPU.ActiveCfg = Debug|Any CPU
		{05EEE5B7-AFB0-4CE0-BD4C-0B5BF5BD56CF}.Debug|Any CPU.Build.0 = Debug|Any CPU
		{05EEE5B7-AFB0-4CE0-BD4C-0B5BF5BD56CF}.Release|Any CPU.ActiveCfg = Release|Any CPU
		{05EEE5B7-AFB0-4CE0-BD4C-0B5BF5BD56CF}.Release|Any CPU.Build.0 = Release|Any CPU
	EndGlobalSection
	GlobalSection(SolutionProperties) = preSolution
		HideSolutionNode = FALSE
	EndGlobalSection
	GlobalSection(ExtensibilityGlobals) = postSolution
		SolutionGuid = {02E4E840-AAE7-4839-AFED-C5BFC8487283}
	EndGlobalSection
EndGlobal
